// !$*UTF8*$!
{
	archiveVersion = 1;
	classes = {
	};
	objectVersion = 50;
	objects = {

/* Begin PBXBuildFile section */
		AF05336523E8F2E300F92BE3 /* CollectionViewActivities.swift in Sources */ = {isa = PBXBuildFile; fileRef = AF05336423E8F2E300F92BE3 /* CollectionViewActivities.swift */; };
		AF1DD8F523EF5F8A008D4A52 /* FileIO.swift in Sources */ = {isa = PBXBuildFile; fileRef = AF1DD8F423EF5F8A008D4A52 /* FileIO.swift */; };
		AF38080D23F08CED00ABDC15 /* FileManagement.swift in Sources */ = {isa = PBXBuildFile; fileRef = AF38080C23F08CED00ABDC15 /* FileManagement.swift */; };
		AF3BD47623EC3EBE0039042F /* ActivitiesRequestlog.swift in Sources */ = {isa = PBXBuildFile; fileRef = AF3BD47523EC3EBE0039042F /* ActivitiesRequestlog.swift */; };
		AF3BD47823EC4F680039042F /* ActivitiesRequestViewCell.swift in Sources */ = {isa = PBXBuildFile; fileRef = AF3BD47723EC4F680039042F /* ActivitiesRequestViewCell.swift */; };
		AF821AFA23E782B30060A5E4 /* CollectionViewCellActivities.swift in Sources */ = {isa = PBXBuildFile; fileRef = AF821AF923E782B30060A5E4 /* CollectionViewCellActivities.swift */; };
		AF90ADFD23E900B000AE6710 /* ViewController.swift in Sources */ = {isa = PBXBuildFile; fileRef = AF90ADFC23E900B000AE6710 /* ViewController.swift */; };
		AFB2005723E3640700AD3FE3 /*  MainLaunchScreen.storyboard in Resources */ = {isa = PBXBuildFile; fileRef = AFB2005623E3640700AD3FE3 /*  MainLaunchScreen.storyboard */; };
		AFC696D823DBED6F00152CAB /* AppDelegate.swift in Sources */ = {isa = PBXBuildFile; fileRef = AFC696D723DBED6F00152CAB /* AppDelegate.swift */; };
		AFC696DA23DBED6F00152CAB /* SceneDelegate.swift in Sources */ = {isa = PBXBuildFile; fileRef = AFC696D923DBED6F00152CAB /* SceneDelegate.swift */; };
		AFC696DF23DBED6F00152CAB /* Main.storyboard in Resources */ = {isa = PBXBuildFile; fileRef = AFC696DD23DBED6F00152CAB /* Main.storyboard */; };
		AFC696E123DBED7000152CAB /* Assets.xcassets in Resources */ = {isa = PBXBuildFile; fileRef = AFC696E023DBED7000152CAB /* Assets.xcassets */; };
		AFC696E423DBED7000152CAB /* LaunchScreen.storyboard in Resources */ = {isa = PBXBuildFile; fileRef = AFC696E223DBED7000152CAB /* LaunchScreen.storyboard */; };
		AFC696EF23DD301D00152CAB /* LoginButton.swift in Sources */ = {isa = PBXBuildFile; fileRef = AFC696EE23DD301D00152CAB /* LoginButton.swift */; };
		AFC696F123DD430700152CAB /* TextFieldInput.swift in Sources */ = {isa = PBXBuildFile; fileRef = AFC696F023DD430700152CAB /* TextFieldInput.swift */; };
/* End PBXBuildFile section */

/* Begin PBXFileReference section */
		AF05336423E8F2E300F92BE3 /* CollectionViewActivities.swift */ = {isa = PBXFileReference; lastKnownFileType = sourcecode.swift; path = CollectionViewActivities.swift; sourceTree = "<group>"; };
		AF1DD8F423EF5F8A008D4A52 /* FileIO.swift */ = {isa = PBXFileReference; lastKnownFileType = sourcecode.swift; path = FileIO.swift; sourceTree = "<group>"; };
		AF38080C23F08CED00ABDC15 /* FileManagement.swift */ = {isa = PBXFileReference; lastKnownFileType = sourcecode.swift; path = FileManagement.swift; sourceTree = "<group>"; };
		AF3BD47523EC3EBE0039042F /* ActivitiesRequestlog.swift */ = {isa = PBXFileReference; lastKnownFileType = sourcecode.swift; path = ActivitiesRequestlog.swift; sourceTree = "<group>"; };
		AF3BD47723EC4F680039042F /* ActivitiesRequestViewCell.swift */ = {isa = PBXFileReference; lastKnownFileType = sourcecode.swift; path = ActivitiesRequestViewCell.swift; sourceTree = "<group>"; };
		AF821AF923E782B30060A5E4 /* CollectionViewCellActivities.swift */ = {isa = PBXFileReference; lastKnownFileType = sourcecode.swift; path = CollectionViewCellActivities.swift; sourceTree = "<group>"; };
		AF90ADFC23E900B000AE6710 /* ViewController.swift */ = {isa = PBXFileReference; lastKnownFileType = sourcecode.swift; path = ViewController.swift; sourceTree = "<group>"; };
		AFB2005623E3640700AD3FE3 /*  MainLaunchScreen.storyboard */ = {isa = PBXFileReference; lastKnownFileType = file.storyboard; path = " MainLaunchScreen.storyboard"; sourceTree = "<group>"; };
		AFC696D423DBED6F00152CAB /* CosolidatorVs.app */ = {isa = PBXFileReference; explicitFileType = wrapper.application; includeInIndex = 0; path = CosolidatorVs.app; sourceTree = BUILT_PRODUCTS_DIR; };
		AFC696D723DBED6F00152CAB /* AppDelegate.swift */ = {isa = PBXFileReference; lastKnownFileType = sourcecode.swift; path = AppDelegate.swift; sourceTree = "<group>"; };
		AFC696D923DBED6F00152CAB /* SceneDelegate.swift */ = {isa = PBXFileReference; lastKnownFileType = sourcecode.swift; path = SceneDelegate.swift; sourceTree = "<group>"; };
		AFC696DE23DBED6F00152CAB /* Base */ = {isa = PBXFileReference; lastKnownFileType = file.storyboard; name = Base; path = Base.lproj/Main.storyboard; sourceTree = "<group>"; };
		AFC696E023DBED7000152CAB /* Assets.xcassets */ = {isa = PBXFileReference; lastKnownFileType = folder.assetcatalog; path = Assets.xcassets; sourceTree = "<group>"; };
		AFC696E323DBED7000152CAB /* Base */ = {isa = PBXFileReference; lastKnownFileType = file.storyboard; name = Base; path = Base.lproj/LaunchScreen.storyboard; sourceTree = "<group>"; };
		AFC696E523DBED7000152CAB /* Info.plist */ = {isa = PBXFileReference; lastKnownFileType = text.plist.xml; path = Info.plist; sourceTree = "<group>"; };
		AFC696EB23DBED8A00152CAB /* CosolidatorVs.entitlements */ = {isa = PBXFileReference; lastKnownFileType = text.plist.entitlements; path = CosolidatorVs.entitlements; sourceTree = "<group>"; };
		AFC696EE23DD301D00152CAB /* LoginButton.swift */ = {isa = PBXFileReference; lastKnownFileType = sourcecode.swift; path = LoginButton.swift; sourceTree = "<group>"; };
		AFC696F023DD430700152CAB /* TextFieldInput.swift */ = {isa = PBXFileReference; lastKnownFileType = sourcecode.swift; path = TextFieldInput.swift; sourceTree = "<group>"; };
/* End PBXFileReference section */

/* Begin PBXFrameworksBuildPhase section */
		AFC696D123DBED6F00152CAB /* Frameworks */ = {
			isa = PBXFrameworksBuildPhase;
			buildActionMask = 2147483647;
			files = (
			);
			runOnlyForDeploymentPostprocessing = 0;
		};
/* End PBXFrameworksBuildPhase section */

/* Begin PBXGroup section */
		AFC696CB23DBED6F00152CAB = {
			isa = PBXGroup;
			children = (
				AFC696D623DBED6F00152CAB /* CosolidatorVs */,
				AFC696D523DBED6F00152CAB /* Products */,
			);
			sourceTree = "<group>";
		};
		AFC696D523DBED6F00152CAB /* Products */ = {
			isa = PBXGroup;
			children = (
				AFC696D423DBED6F00152CAB /* CosolidatorVs.app */,
			);
			name = Products;
			sourceTree = "<group>";
		};
		AFC696D623DBED6F00152CAB /* CosolidatorVs */ = {
			isa = PBXGroup;
			children = (
				AFC696EB23DBED8A00152CAB /* CosolidatorVs.entitlements */,
				AFC696D723DBED6F00152CAB /* AppDelegate.swift */,
				AFC696D923DBED6F00152CAB /* SceneDelegate.swift */,
				AFC696DD23DBED6F00152CAB /* Main.storyboard */,
				AFC696E023DBED7000152CAB /* Assets.xcassets */,
				AFC696E223DBED7000152CAB /* LaunchScreen.storyboard */,
				AFC696E523DBED7000152CAB /* Info.plist */,
				AFC696EE23DD301D00152CAB /* LoginButton.swift */,
				AFC696F023DD430700152CAB /* TextFieldInput.swift */,
				AFB2005623E3640700AD3FE3 /*  MainLaunchScreen.storyboard */,
				AF821AF923E782B30060A5E4 /* CollectionViewCellActivities.swift */,
				AF05336423E8F2E300F92BE3 /* CollectionViewActivities.swift */,
				AF90ADFC23E900B000AE6710 /* ViewController.swift */,
				AF3BD47523EC3EBE0039042F /* ActivitiesRequestlog.swift */,
				AF3BD47723EC4F680039042F /* ActivitiesRequestViewCell.swift */,
				AF1DD8F423EF5F8A008D4A52 /* FileIO.swift */,
				AF38080C23F08CED00ABDC15 /* FileManagement.swift */,
			);
			path = CosolidatorVs;
			sourceTree = "<group>";
		};
/* End PBXGroup section */

/* Begin PBXNativeTarget section */
		AFC696D323DBED6F00152CAB /* CosolidatorVs */ = {
			isa = PBXNativeTarget;
			buildConfigurationList = AFC696E823DBED7000152CAB /* Build configuration list for PBXNativeTarget "CosolidatorVs" */;
			buildPhases = (
				AFC696D023DBED6F00152CAB /* Sources */,
				AFC696D123DBED6F00152CAB /* Frameworks */,
				AFC696D223DBED6F00152CAB /* Resources */,
			);
			buildRules = (
			);
			dependencies = (
			);
			name = CosolidatorVs;
			productName = CosolidatorVs;
			productReference = AFC696D423DBED6F00152CAB /* CosolidatorVs.app */;
			productType = "com.apple.product-type.application";
		};
/* End PBXNativeTarget section */

/* Begin PBXProject section */
		AFC696CC23DBED6F00152CAB /* Project object */ = {
			isa = PBXProject;
			attributes = {
				LastSwiftUpdateCheck = 1130;
				LastUpgradeCheck = 1130;
				ORGANIZATIONNAME = STIelev;
				TargetAttributes = {
					AFC696D323DBED6F00152CAB = {
						CreatedOnToolsVersion = 11.3.1;
					};
				};
			};
			buildConfigurationList = AFC696CF23DBED6F00152CAB /* Build configuration list for PBXProject "CosolidatorVs" */;
			compatibilityVersion = "Xcode 9.3";
			developmentRegion = en;
			hasScannedForEncodings = 0;
			knownRegions = (
				en,
				Base,
			);
			mainGroup = AFC696CB23DBED6F00152CAB;
			productRefGroup = AFC696D523DBED6F00152CAB /* Products */;
			projectDirPath = "";
			projectRoot = "";
			targets = (
				AFC696D323DBED6F00152CAB /* CosolidatorVs */,
			);
		};
/* End PBXProject section */

/* Begin PBXResourcesBuildPhase section */
		AFC696D223DBED6F00152CAB /* Resources */ = {
			isa = PBXResourcesBuildPhase;
			buildActionMask = 2147483647;
			files = (
				AFC696E423DBED7000152CAB /* LaunchScreen.storyboard in Resources */,
				AFC696E123DBED7000152CAB /* Assets.xcassets in Resources */,
				AFC696DF23DBED6F00152CAB /* Main.storyboard in Resources */,
				AFB2005723E3640700AD3FE3 /*  MainLaunchScreen.storyboard in Resources */,
			);
			runOnlyForDeploymentPostprocessing = 0;
		};
/* End PBXResourcesBuildPhase section */

/* Begin PBXSourcesBuildPhase section */
		AFC696D023DBED6F00152CAB /* Sources */ = {
			isa = PBXSourcesBuildPhase;
			buildActionMask = 2147483647;
			files = (
				AF3BD47623EC3EBE0039042F /* ActivitiesRequestlog.swift in Sources */,
				AFC696D823DBED6F00152CAB /* AppDelegate.swift in Sources */,
				AF05336523E8F2E300F92BE3 /* CollectionViewActivities.swift in Sources */,
				AFC696F123DD430700152CAB /* TextFieldInput.swift in Sources */,
				AF38080D23F08CED00ABDC15 /* FileManagement.swift in Sources */,
				AF821AFA23E782B30060A5E4 /* CollectionViewCellActivities.swift in Sources */,
				AF1DD8F523EF5F8A008D4A52 /* FileIO.swift in Sources */,
				AF90ADFD23E900B000AE6710 /* ViewController.swift in Sources */,
				AFC696EF23DD301D00152CAB /* LoginButton.swift in Sources */,
				AFC696DA23DBED6F00152CAB /* SceneDelegate.swift in Sources */,
				AF3BD47823EC4F680039042F /* ActivitiesRequestViewCell.swift in Sources */,
			);
			runOnlyForDeploymentPostprocessing = 0;
		};
/* End PBXSourcesBuildPhase section */

/* Begin PBXVariantGroup section */
		AFC696DD23DBED6F00152CAB /* Main.storyboard */ = {
			isa = PBXVariantGroup;
			children = (
				AFC696DE23DBED6F00152CAB /* Base */,
			);
			name = Main.storyboard;
			sourceTree = "<group>";
		};
		AFC696E223DBED7000152CAB /* LaunchScreen.storyboard */ = {
			isa = PBXVariantGroup;
			children = (
				AFC696E323DBED7000152CAB /* Base */,
			);
			name = LaunchScreen.storyboard;
			sourceTree = "<group>";
		};
/* End PBXVariantGroup section */

/* Begin XCBuildConfiguration section */
		AFC696E623DBED7000152CAB /* Debug */ = {
			isa = XCBuildConfiguration;
			buildSettings = {
				ALWAYS_SEARCH_USER_PATHS = NO;
				CLANG_ANALYZER_NONNULL = YES;
				CLANG_ANALYZER_NUMBER_OBJECT_CONVERSION = YES_AGGRESSIVE;
				CLANG_CXX_LANGUAGE_STANDARD = "gnu++14";
				CLANG_CXX_LIBRARY = "libc++";
				CLANG_ENABLE_MODULES = YES;
				CLANG_ENABLE_OBJC_ARC = YES;
				CLANG_ENABLE_OBJC_WEAK = YES;
				CLANG_WARN_BLOCK_CAPTURE_AUTORELEASING = YES;
				CLANG_WARN_BOOL_CONVERSION = YES;
				CLANG_WARN_COMMA = YES;
				CLANG_WARN_CONSTANT_CONVERSION = YES;
				CLANG_WARN_DEPRECATED_OBJC_IMPLEMENTATIONS = YES;
				CLANG_WARN_DIRECT_OBJC_ISA_USAGE = YES_ERROR;
				CLANG_WARN_DOCUMENTATION_COMMENTS = YES;
				CLANG_WARN_EMPTY_BODY = YES;
				CLANG_WARN_ENUM_CONVERSION = YES;
				CLANG_WARN_INFINITE_RECURSION = YES;
				CLANG_WARN_INT_CONVERSION = YES;
				CLANG_WARN_NON_LITERAL_NULL_CONVERSION = YES;
				CLANG_WARN_OBJC_IMPLICIT_RETAIN_SELF = YES;
				CLANG_WARN_OBJC_LITERAL_CONVERSION = YES;
				CLANG_WARN_OBJC_ROOT_CLASS = YES_ERROR;
				CLANG_WARN_RANGE_LOOP_ANALYSIS = YES;
				CLANG_WARN_STRICT_PROTOTYPES = YES;
				CLANG_WARN_SUSPICIOUS_MOVE = YES;
				CLANG_WARN_UNGUARDED_AVAILABILITY = YES_AGGRESSIVE;
				CLANG_WARN_UNREACHABLE_CODE = YES;
				CLANG_WARN__DUPLICATE_METHOD_MATCH = YES;
				COPY_PHASE_STRIP = NO;
				DEBUG_INFORMATION_FORMAT = dwarf;
				ENABLE_STRICT_OBJC_MSGSEND = YES;
				ENABLE_TESTABILITY = YES;
				GCC_C_LANGUAGE_STANDARD = gnu11;
				GCC_DYNAMIC_NO_PIC = NO;
				GCC_NO_COMMON_BLOCKS = YES;
				GCC_OPTIMIZATION_LEVEL = 0;
				GCC_PREPROCESSOR_DEFINITIONS = (
					"DEBUG=1",
					"$(inherited)",
				);
				GCC_WARN_64_TO_32_BIT_CONVERSION = YES;
				GCC_WARN_ABOUT_RETURN_TYPE = YES_ERROR;
				GCC_WARN_UNDECLARED_SELECTOR = YES;
				GCC_WARN_UNINITIALIZED_AUTOS = YES_AGGRESSIVE;
				GCC_WARN_UNUSED_FUNCTION = YES;
				GCC_WARN_UNUSED_VARIABLE = YES;
				IPHONEOS_DEPLOYMENT_TARGET = 13.2;
				MTL_ENABLE_DEBUG_INFO = INCLUDE_SOURCE;
				MTL_FAST_MATH = YES;
				ONLY_ACTIVE_ARCH = YES;
				SDKROOT = iphoneos;
				SWIFT_ACTIVE_COMPILATION_CONDITIONS = DEBUG;
				SWIFT_OPTIMIZATION_LEVEL = "-Onone";
			};
			name = Debug;
		};
		AFC696E723DBED7000152CAB /* Release */ = {
			isa = XCBuildConfiguration;
			buildSettings = {
				ALWAYS_SEARCH_USER_PATHS = NO;
				CLANG_ANALYZER_NONNULL = YES;
				CLANG_ANALYZER_NUMBER_OBJECT_CONVERSION = YES_AGGRESSIVE;
				CLANG_CXX_LANGUAGE_STANDARD = "gnu++14";
				CLANG_CXX_LIBRARY = "libc++";
				CLANG_ENABLE_MODULES = YES;
				CLANG_ENABLE_OBJC_ARC = YES;
				CLANG_ENABLE_OBJC_WEAK = YES;
				CLANG_WARN_BLOCK_CAPTURE_AUTORELEASING = YES;
				CLANG_WARN_BOOL_CONVERSION = YES;
				CLANG_WARN_COMMA = YES;
				CLANG_WARN_CONSTANT_CONVERSION = YES;
				CLANG_WARN_DEPRECATED_OBJC_IMPLEMENTATIONS = YES;
				CLANG_WARN_DIRECT_OBJC_ISA_USAGE = YES_ERROR;
				CLANG_WARN_DOCUMENTATION_COMMENTS = YES;
				CLANG_WARN_EMPTY_BODY = YES;
				CLANG_WARN_ENUM_CONVERSION = YES;
				CLANG_WARN_INFINITE_RECURSION = YES;
				CLANG_WARN_INT_CONVERSION = YES;
				CLANG_WARN_NON_LITERAL_NULL_CONVERSION = YES;
				CLANG_WARN_OBJC_IMPLICIT_RETAIN_SELF = YES;
				CLANG_WARN_OBJC_LITERAL_CONVERSION = YES;
				CLANG_WARN_OBJC_ROOT_CLASS = YES_ERROR;
				CLANG_WARN_RANGE_LOOP_ANALYSIS = YES;
				CLANG_WARN_STRICT_PROTOTYPES = YES;
				CLANG_WARN_SUSPICIOUS_MOVE = YES;
				CLANG_WARN_UNGUARDED_AVAILABILITY = YES_AGGRESSIVE;
				CLANG_WARN_UNREACHABLE_CODE = YES;
				CLANG_WARN__DUPLICATE_METHOD_MATCH = YES;
				COPY_PHASE_STRIP = NO;
				DEBUG_INFORMATION_FORMAT = "dwarf-with-dsym";
				ENABLE_NS_ASSERTIONS = NO;
				ENABLE_STRICT_OBJC_MSGSEND = YES;
				GCC_C_LANGUAGE_STANDARD = gnu11;
				GCC_NO_COMMON_BLOCKS = YES;
				GCC_WARN_64_TO_32_BIT_CONVERSION = YES;
				GCC_WARN_ABOUT_RETURN_TYPE = YES_ERROR;
				GCC_WARN_UNDECLARED_SELECTOR = YES;
				GCC_WARN_UNINITIALIZED_AUTOS = YES_AGGRESSIVE;
				GCC_WARN_UNUSED_FUNCTION = YES;
				GCC_WARN_UNUSED_VARIABLE = YES;
				IPHONEOS_DEPLOYMENT_TARGET = 13.2;
				MTL_ENABLE_DEBUG_INFO = NO;
				MTL_FAST_MATH = YES;
				SDKROOT = iphoneos;
				SWIFT_COMPILATION_MODE = wholemodule;
				SWIFT_OPTIMIZATION_LEVEL = "-O";
				VALIDATE_PRODUCT = YES;
			};
			name = Release;
		};
		AFC696E923DBED7000152CAB /* Debug */ = {
			isa = XCBuildConfiguration;
			buildSettings = {
				ASSETCATALOG_COMPILER_APPICON_NAME = AppIcon;
				CODE_SIGN_ENTITLEMENTS = CosolidatorVs/CosolidatorVs.entitlements;
				CODE_SIGN_STYLE = Automatic;
				INFOPLIST_FILE = CosolidatorVs/Info.plist;
				LD_RUNPATH_SEARCH_PATHS = (
					"$(inherited)",
					"@executable_path/Frameworks",
				);
				PRODUCT_BUNDLE_IDENTIFIER = com.example.CosolidatorVs;
				PRODUCT_NAME = "$(TARGET_NAME)";
				SUPPORTS_MACCATALYST = NO;
				SWIFT_VERSION = 5.0;
				TARGETED_DEVICE_FAMILY = "1,2";
			};
			name = Debug;
		};
		AFC696EA23DBED7000152CAB /* Release */ = {
			isa = XCBuildConfiguration;
			buildSettings = {
				ASSETCATALOG_COMPILER_APPICON_NAME = AppIcon;
				CODE_SIGN_ENTITLEMENTS = CosolidatorVs/CosolidatorVs.entitlements;
				CODE_SIGN_STYLE = Automatic;
				INFOPLIST_FILE = CosolidatorVs/Info.plist;
				LD_RUNPATH_SEARCH_PATHS = (
					"$(inherited)",
					"@executable_path/Frameworks",
				);
				PRODUCT_BUNDLE_IDENTIFIER = com.example.CosolidatorVs;
				PRODUCT_NAME = "$(TARGET_NAME)";
				SUPPORTS_MACCATALYST = NO;
				SWIFT_VERSION = 5.0;
				TARGETED_DEVICE_FAMILY = "1,2";
			};
			name = Release;
		};
/* End XCBuildConfiguration section */

/* Begin XCConfigurationList section */
		AFC696CF23DBED6F00152CAB /* Build configuration list for PBXProject "CosolidatorVs" */ = {
			isa = XCConfigurationList;
			buildConfigurations = (
				AFC696E623DBED7000152CAB /* Debug */,
				AFC696E723DBED7000152CAB /* Release */,
			);
			defaultConfigurationIsVisible = 0;
			defaultConfigurationName = Release;
		};
		AFC696E823DBED7000152CAB /* Build configuration list for PBXNativeTarget "CosolidatorVs" */ = {
			isa = XCConfigurationList;
			buildConfigurations = (
				AFC696E923DBED7000152CAB /* Debug */,
				AFC696EA23DBED7000152CAB /* Release */,
			);
			defaultConfigurationIsVisible = 0;
			defaultConfigurationName = Release;
		};
/* End XCConfigurationList section */
	};
	rootObject = AFC696CC23DBED6F00152CAB /* Project object */;
}
